
Microsoft Visual Studio Solution File, Format Version 12.00
# Visual Studio 15
VisualStudioVersion = 15.0.28010.2026
MinimumVisualStudioVersion = 10.0.40219.1
Project("{FAE04EC0-301F-11D3-BF4B-00C04F79EFBC}") = "CarService.Data", "CarService.Data\CarService.Data.csproj", "{EC0CF784-7CD5-4B4C-9496-32E5B9EBF58A}"
EndProject
Project("{FAE04EC0-301F-11D3-BF4B-00C04F79EFBC}") = "CarService.Desktop", "CarService.Desktop\CarService.Desktop.csproj", "{B94338D2-84CF-42DE-BAC9-41D458E380BC}"
EndProject
Project("{FAE04EC0-301F-11D3-BF4B-00C04F79EFBC}") = "CarService.Service.EF", "CarService.Service.EF\CarService.Service.EF.csproj", "{BF459713-2BF1-4964-80DC-F52EAC1F84BB}"
EndProject
Project("{FAE04EC0-301F-11D3-BF4B-00C04F79EFBC}") = "CarService.Infrastructure.EF", "CarService.Infrastructure.EF\CarService.Infrastructure.EF.csproj", "{4C2F27DA-8306-4FEB-9F3C-8F46A9BD4A02}"
EndProject
Project("{FAE04EC0-301F-11D3-BF4B-00C04F79EFBC}") = "CarService.Console", "CarService.Console\CarService.Console.csproj", "{F8175646-65E6-44B6-8018-552817B6A8EB}"
EndProject
Project("{FAE04EC0-301F-11D3-BF4B-00C04F79EFBC}") = "CarService.ObjectWCF", "CarService.ObjectWCF\CarService.ObjectWCF.csproj", "{95AED7BD-6963-4BD6-A798-DBD42A186351}"
EndProject
Project("{FAE04EC0-301F-11D3-BF4B-00C04F79EFBC}") = "CarService.HostWCF", "CarService.HostWCF\CarService.HostWCF.csproj", "{472B75E9-BD4D-4BFD-A625-C94A98F4C6D2}"
EndProject
Global
	GlobalSection(SolutionConfigurationPlatforms) = preSolution
		Debug|Any CPU = Debug|Any CPU
		Release|Any CPU = Release|Any CPU
	EndGlobalSection
	GlobalSection(ProjectConfigurationPlatforms) = postSolution
		{EC0CF784-7CD5-4B4C-9496-32E5B9EBF58A}.Debug|Any CPU.ActiveCfg = Debug|Any CPU
		{EC0CF784-7CD5-4B4C-9496-32E5B9EBF58A}.Debug|Any CPU.Build.0 = Debug|Any CPU
		{EC0CF784-7CD5-4B4C-9496-32E5B9EBF58A}.Release|Any CPU.ActiveCfg = Release|Any CPU
		{EC0CF784-7CD5-4B4C-9496-32E5B9EBF58A}.Release|Any CPU.Build.0 = Release|Any CPU
		{B94338D2-84CF-42DE-BAC9-41D458E380BC}.Debug|Any CPU.ActiveCfg = Debug|Any CPU
		{B94338D2-84CF-42DE-BAC9-41D458E380BC}.Debug|Any CPU.Build.0 = Debug|Any CPU
		{B94338D2-84CF-42DE-BAC9-41D458E380BC}.Release|Any CPU.ActiveCfg = Release|Any CPU
		{B94338D2-84CF-42DE-BAC9-41D458E380BC}.Release|Any CPU.Build.0 = Release|Any CPU
		{BF459713-2BF1-4964-80DC-F52EAC1F84BB}.Debug|Any CPU.ActiveCfg = Debug|Any CPU
		{BF459713-2BF1-4964-80DC-F52EAC1F84BB}.Debug|Any CPU.Build.0 = Debug|Any CPU
		{BF459713-2BF1-4964-80DC-F52EAC1F84BB}.Release|Any CPU.ActiveCfg = Release|Any CPU
		{BF459713-2BF1-4964-80DC-F52EAC1F84BB}.Release|Any CPU.Build.0 = Release|Any CPU
		{4C2F27DA-8306-4FEB-9F3C-8F46A9BD4A02}.Debug|Any CPU.ActiveCfg = Debug|Any CPU
		{4C2F27DA-8306-4FEB-9F3C-8F46A9BD4A02}.Debug|Any CPU.Build.0 = Debug|Any CPU
		{4C2F27DA-8306-4FEB-9F3C-8F46A9BD4A02}.Release|Any CPU.ActiveCfg = Release|Any CPU
		{4C2F27DA-8306-4FEB-9F3C-8F46A9BD4A02}.Release|Any CPU.Build.0 = Release|Any CPU
		{F8175646-65E6-44B6-8018-552817B6A8EB}.Debug|Any CPU.ActiveCfg = Debug|Any CPU
		{F8175646-65E6-44B6-8018-552817B6A8EB}.Debug|Any CPU.Build.0 = Debug|Any CPU
		{F8175646-65E6-44B6-8018-552817B6A8EB}.Release|Any CPU.ActiveCfg = Release|Any CPU
		{F8175646-65E6-44B6-8018-552817B6A8EB}.Release|Any CPU.Build.0 = Release|Any CPU
		{95AED7BD-6963-4BD6-A798-DBD42A186351}.Debug|Any CPU.ActiveCfg = Debug|Any CPU
		{95AED7BD-6963-4BD6-A798-DBD42A186351}.Debug|Any CPU.Build.0 = Debug|Any CPU
		{95AED7BD-6963-4BD6-A798-DBD42A186351}.Release|Any CPU.ActiveCfg = Release|Any CPU
		{95AED7BD-6963-4BD6-A798-DBD42A186351}.Release|Any CPU.Build.0 = Release|Any CPU
		{472B75E9-BD4D-4BFD-A625-C94A98F4C6D2}.Debug|Any CPU.ActiveCfg = Debug|Any CPU
		{472B75E9-BD4D-4BFD-A625-C94A98F4C6D2}.Debug|Any CPU.Build.0 = Debug|Any CPU
		{472B75E9-BD4D-4BFD-A625-C94A98F4C6D2}.Release|Any CPU.ActiveCfg = Release|Any CPU
		{472B75E9-BD4D-4BFD-A625-C94A98F4C6D2}.Release|Any CPU.Build.0 = Release|Any CPU
	EndGlobalSection
	GlobalSection(SolutionProperties) = preSolution
		HideSolutionNode = FALSE
	EndGlobalSection
	GlobalSection(ExtensibilityGlobals) = postSolution
		SolutionGuid = {D6AB923B-C298-4335-AD5E-2DE606CAD060}
	EndGlobalSection
EndGlobal
